
Microsoft Visual Studio Solution File, Format Version 12.00
# Visual Studio Version 17
VisualStudioVersion = 17.9.34622.214
MinimumVisualStudioVersion = 10.0.40219.1
Project("{FAE04EC0-301F-11D3-BF4B-00C04F79EFBC}") = "PromoShareAPI", "PromoShareAPI\PromoShareAPI.csproj", "{2EBBDE19-D5AB-4307-A246-8633F947BB28}"
EndProject
Global
	GlobalSection(SolutionConfigurationPlatforms) = preSolution
		Debug|Any CPU = Debug|Any CPU
		Release|Any CPU = Release|Any CPU
	EndGlobalSection
	GlobalSection(ProjectConfigurationPlatforms) = postSolution
		{2EBBDE19-D5AB-4307-A246-8633F947BB28}.Debug|Any CPU.ActiveCfg = Debug|Any CPU
		{2EBBDE19-D5AB-4307-A246-8633F947BB28}.Debug|Any CPU.Build.0 = Debug|Any CPU
		{2EBBDE19-D5AB-4307-A246-8633F947BB28}.Release|Any CPU.ActiveCfg = Release|Any CPU
		{2EBBDE19-D5AB-4307-A246-8633F947BB28}.Release|Any CPU.Build.0 = Release|Any CPU
	EndGlobalSection
	GlobalSection(SolutionProperties) = preSolution
		HideSolutionNode = FALSE
	EndGlobalSection
	GlobalSection(ExtensibilityGlobals) = postSolution
		SolutionGuid = {7F25E00A-8A69-43D8-84D6-31648AE00C4C}
	EndGlobalSection
EndGlobal
